
Microsoft Visual Studio Solution File, Format Version 12.00
# Visual Studio Version 16
VisualStudioVersion = 16.0.31624.102
MinimumVisualStudioVersion = 10.0.40219.1
Project("{FAE04EC0-301F-11D3-BF4B-00C04F79EFBC}") = "Portfolio", "Portfolio\Portfolio.csproj", "{4C288B46-2756-4AC7-9559-4E091F9D3C4D}"
EndProject
Global
	GlobalSection(SolutionConfigurationPlatforms) = preSolution
		Debug|Any CPU = Debug|Any CPU
		Release|Any CPU = Release|Any CPU
	EndGlobalSection
	GlobalSection(ProjectConfigurationPlatforms) = postSolution
		{4C288B46-2756-4AC7-9559-4E091F9D3C4D}.Debug|Any CPU.ActiveCfg = Debug|Any CPU
		{4C288B46-2756-4AC7-9559-4E091F9D3C4D}.Debug|Any CPU.Build.0 = Debug|Any CPU
		{4C288B46-2756-4AC7-9559-4E091F9D3C4D}.Release|Any CPU.ActiveCfg = Release|Any CPU
		{4C288B46-2756-4AC7-9559-4E091F9D3C4D}.Release|Any CPU.Build.0 = Release|Any CPU
	EndGlobalSection
	GlobalSection(SolutionProperties) = preSolution
		HideSolutionNode = FALSE
	EndGlobalSection
	GlobalSection(ExtensibilityGlobals) = postSolution
		SolutionGuid = {BD4D8D9D-A600-414A-8313-867B795B44EE}
	EndGlobalSection
EndGlobal
